// !$*UTF8*$!
{
	archiveVersion = 1;
	classes = {
	};
	objectVersion = 56;
	objects = {

/* Begin PBXBuildFile section */
		4D5C09852B560DBC00882087 /* Network_LayerApp.swift in Sources */ = {isa = PBXBuildFile; fileRef = 4D5C09842B560DBC00882087 /* Network_LayerApp.swift */; };
		4D5C09872B560DBC00882087 /* ContentView.swift in Sources */ = {isa = PBXBuildFile; fileRef = 4D5C09862B560DBC00882087 /* ContentView.swift */; };
		4D5C09892B560DBD00882087 /* Assets.xcassets in Resources */ = {isa = PBXBuildFile; fileRef = 4D5C09882B560DBD00882087 /* Assets.xcassets */; };
		4D5C098C2B560DBD00882087 /* Preview Assets.xcassets in Resources */ = {isa = PBXBuildFile; fileRef = 4D5C098B2B560DBD00882087 /* Preview Assets.xcassets */; };
		4D5C09962B560DBD00882087 /* Network_LayerTests.swift in Sources */ = {isa = PBXBuildFile; fileRef = 4D5C09952B560DBD00882087 /* Network_LayerTests.swift */; };
		4D5C09A02B560DBD00882087 /* Network_LayerUITests.swift in Sources */ = {isa = PBXBuildFile; fileRef = 4D5C099F2B560DBD00882087 /* Network_LayerUITests.swift */; };
		4D5C09A22B560DBD00882087 /* Network_LayerUITestsLaunchTests.swift in Sources */ = {isa = PBXBuildFile; fileRef = 4D5C09A12B560DBD00882087 /* Network_LayerUITestsLaunchTests.swift */; };
		4D5C09AF2B574A8C00882087 /* Blob.swift in Sources */ = {isa = PBXBuildFile; fileRef = 4D5C09AE2B574A8C00882087 /* Blob.swift */; };
/* End PBXBuildFile section */

/* Begin PBXContainerItemProxy section */
		4D5C09922B560DBD00882087 /* PBXContainerItemProxy */ = {
			isa = PBXContainerItemProxy;
			containerPortal = 4D5C09792B560DBC00882087 /* Project object */;
			proxyType = 1;
			remoteGlobalIDString = 4D5C09802B560DBC00882087;
			remoteInfo = "Network Layer";
		};
		4D5C099C2B560DBD00882087 /* PBXContainerItemProxy */ = {
			isa = PBXContainerItemProxy;
			containerPortal = 4D5C09792B560DBC00882087 /* Project object */;
			proxyType = 1;
			remoteGlobalIDString = 4D5C09802B560DBC00882087;
			remoteInfo = "Network Layer";
		};
/* End PBXContainerItemProxy section */

/* Begin PBXFileReference section */
		4D5C09812B560DBC00882087 /* Network Layer.app */ = {isa = PBXFileReference; explicitFileType = wrapper.application; includeInIndex = 0; path = "Network Layer.app"; sourceTree = BUILT_PRODUCTS_DIR; };
		4D5C09842B560DBC00882087 /* Network_LayerApp.swift */ = {isa = PBXFileReference; lastKnownFileType = sourcecode.swift; path = Network_LayerApp.swift; sourceTree = "<group>"; };
		4D5C09862B560DBC00882087 /* ContentView.swift */ = {isa = PBXFileReference; lastKnownFileType = sourcecode.swift; path = ContentView.swift; sourceTree = "<group>"; };
		4D5C09882B560DBD00882087 /* Assets.xcassets */ = {isa = PBXFileReference; lastKnownFileType = folder.assetcatalog; path = Assets.xcassets; sourceTree = "<group>"; };
		4D5C098B2B560DBD00882087 /* Preview Assets.xcassets */ = {isa = PBXFileReference; lastKnownFileType = folder.assetcatalog; path = "Preview Assets.xcassets"; sourceTree = "<group>"; };
		4D5C09912B560DBD00882087 /* Network LayerTests.xctest */ = {isa = PBXFileReference; explicitFileType = wrapper.cfbundle; includeInIndex = 0; path = "Network LayerTests.xctest"; sourceTree = BUILT_PRODUCTS_DIR; };
		4D5C09952B560DBD00882087 /* Network_LayerTests.swift */ = {isa = PBXFileReference; lastKnownFileType = sourcecode.swift; path = Network_LayerTests.swift; sourceTree = "<group>"; };
		4D5C099B2B560DBD00882087 /* Network LayerUITests.xctest */ = {isa = PBXFileReference; explicitFileType = wrapper.cfbundle; includeInIndex = 0; path = "Network LayerUITests.xctest"; sourceTree = BUILT_PRODUCTS_DIR; };
		4D5C099F2B560DBD00882087 /* Network_LayerUITests.swift */ = {isa = PBXFileReference; lastKnownFileType = sourcecode.swift; path = Network_LayerUITests.swift; sourceTree = "<group>"; };
		4D5C09A12B560DBD00882087 /* Network_LayerUITestsLaunchTests.swift */ = {isa = PBXFileReference; lastKnownFileType = sourcecode.swift; path = Network_LayerUITestsLaunchTests.swift; sourceTree = "<group>"; };
		4D5C09AE2B574A8C00882087 /* Blob.swift */ = {isa = PBXFileReference; lastKnownFileType = sourcecode.swift; path = Blob.swift; sourceTree = "<group>"; };
/* End PBXFileReference section */

/* Begin PBXFrameworksBuildPhase section */
		4D5C097E2B560DBC00882087 /* Frameworks */ = {
			isa = PBXFrameworksBuildPhase;
			buildActionMask = 2147483647;
			files = (
			);
			runOnlyForDeploymentPostprocessing = 0;
		};
		4D5C098E2B560DBD00882087 /* Frameworks */ = {
			isa = PBXFrameworksBuildPhase;
			buildActionMask = 2147483647;
			files = (
			);
			runOnlyForDeploymentPostprocessing = 0;
		};
		4D5C09982B560DBD00882087 /* Frameworks */ = {
			isa = PBXFrameworksBuildPhase;
			buildActionMask = 2147483647;
			files = (
			);
			runOnlyForDeploymentPostprocessing = 0;
		};
/* End PBXFrameworksBuildPhase section */

/* Begin PBXGroup section */
		4D5C09782B560DBC00882087 = {
			isa = PBXGroup;
			children = (
				4D5C09832B560DBC00882087 /* Network Layer */,
				4D5C09942B560DBD00882087 /* Network LayerTests */,
				4D5C099E2B560DBD00882087 /* Network LayerUITests */,
				4D5C09822B560DBC00882087 /* Products */,
			);
			sourceTree = "<group>";
		};
		4D5C09822B560DBC00882087 /* Products */ = {
			isa = PBXGroup;
			children = (
				4D5C09812B560DBC00882087 /* Network Layer.app */,
				4D5C09912B560DBD00882087 /* Network LayerTests.xctest */,
				4D5C099B2B560DBD00882087 /* Network LayerUITests.xctest */,
			);
			name = Products;
			sourceTree = "<group>";
		};
		4D5C09832B560DBC00882087 /* Network Layer */ = {
			isa = PBXGroup;
			children = (
				4D5C09842B560DBC00882087 /* Network_LayerApp.swift */,
				4D5C09862B560DBC00882087 /* ContentView.swift */,
				4D5C09AE2B574A8C00882087 /* Blob.swift */,
				4D5C09882B560DBD00882087 /* Assets.xcassets */,
				4D5C098A2B560DBD00882087 /* Preview Content */,
			);
			path = "Network Layer";
			sourceTree = "<group>";
		};
		4D5C098A2B560DBD00882087 /* Preview Content */ = {
			isa = PBXGroup;
			children = (
				4D5C098B2B560DBD00882087 /* Preview Assets.xcassets */,
			);
			path = "Preview Content";
			sourceTree = "<group>";
		};
		4D5C09942B560DBD00882087 /* Network LayerTests */ = {
			isa = PBXGroup;
			children = (
				4D5C09952B560DBD00882087 /* Network_LayerTests.swift */,
			);
			path = "Network LayerTests";
			sourceTree = "<group>";
		};
		4D5C099E2B560DBD00882087 /* Network LayerUITests */ = {
			isa = PBXGroup;
			children = (
				4D5C099F2B560DBD00882087 /* Network_LayerUITests.swift */,
				4D5C09A12B560DBD00882087 /* Network_LayerUITestsLaunchTests.swift */,
			);
			path = "Network LayerUITests";
			sourceTree = "<group>";
		};
/* End PBXGroup section */

/* Begin PBXNativeTarget section */
		4D5C09802B560DBC00882087 /* Network Layer */ = {
			isa = PBXNativeTarget;
			buildConfigurationList = 4D5C09A52B560DBD00882087 /* Build configuration list for PBXNativeTarget "Network Layer" */;
			buildPhases = (
				4D5C097D2B560DBC00882087 /* Sources */,
				4D5C097E2B560DBC00882087 /* Frameworks */,
				4D5C097F2B560DBC00882087 /* Resources */,
			);
			buildRules = (
			);
			dependencies = (
			);
			name = "Network Layer";
			productName = "Network Layer";
			productReference = 4D5C09812B560DBC00882087 /* Network Layer.app */;
			productType = "com.apple.product-type.application";
		};
		4D5C09902B560DBD00882087 /* Network LayerTests */ = {
			isa = PBXNativeTarget;
			buildConfigurationList = 4D5C09A82B560DBD00882087 /* Build configuration list for PBXNativeTarget "Network LayerTests" */;
			buildPhases = (
				4D5C098D2B560DBD00882087 /* Sources */,
				4D5C098E2B560DBD00882087 /* Frameworks */,
				4D5C098F2B560DBD00882087 /* Resources */,
			);
			buildRules = (
			);
			dependencies = (
				4D5C09932B560DBD00882087 /* PBXTargetDependency */,
			);
			name = "Network LayerTests";
			productName = "Network LayerTests";
			productReference = 4D5C09912B560DBD00882087 /* Network LayerTests.xctest */;
			productType = "com.apple.product-type.bundle.unit-test";
		};
		4D5C099A2B560DBD00882087 /* Network LayerUITests */ = {
			isa = PBXNativeTarget;
			buildConfigurationList = 4D5C09AB2B560DBD00882087 /* Build configuration list for PBXNativeTarget "Network LayerUITests" */;
			buildPhases = (
				4D5C09972B560DBD00882087 /* Sources */,
				4D5C09982B560DBD00882087 /* Frameworks */,
				4D5C09992B560DBD00882087 /* Resources */,
			);
			buildRules = (
			);
			dependencies = (
				4D5C099D2B560DBD00882087 /* PBXTargetDependency */,
			);
			name = "Network LayerUITests";
			productName = "Network LayerUITests";
			productReference = 4D5C099B2B560DBD00882087 /* Network LayerUITests.xctest */;
			productType = "com.apple.product-type.bundle.ui-testing";
		};
/* End PBXNativeTarget section */

/* Begin PBXProject section */
		4D5C09792B560DBC00882087 /* Project object */ = {
			isa = PBXProject;
			attributes = {
				BuildIndependentTargetsInParallel = 1;
				LastSwiftUpdateCheck = 1510;
				LastUpgradeCheck = 1510;
				TargetAttributes = {
					4D5C09802B560DBC00882087 = {
						CreatedOnToolsVersion = 15.1;
					};
					4D5C09902B560DBD00882087 = {
						CreatedOnToolsVersion = 15.1;
						TestTargetID = 4D5C09802B560DBC00882087;
					};
					4D5C099A2B560DBD00882087 = {
						CreatedOnToolsVersion = 15.1;
						TestTargetID = 4D5C09802B560DBC00882087;
					};
				};
			};
			buildConfigurationList = 4D5C097C2B560DBC00882087 /* Build configuration list for PBXProject "Network Layer" */;
			compatibilityVersion = "Xcode 14.0";
			developmentRegion = en;
			hasScannedForEncodings = 0;
			knownRegions = (
				en,
				Base,
			);
			mainGroup = 4D5C09782B560DBC00882087;
			productRefGroup = 4D5C09822B560DBC00882087 /* Products */;
			projectDirPath = "";
			projectRoot = "";
			targets = (
				4D5C09802B560DBC00882087 /* Network Layer */,
				4D5C09902B560DBD00882087 /* Network LayerTests */,
				4D5C099A2B560DBD00882087 /* Network LayerUITests */,
			);
		};
/* End PBXProject section */

/* Begin PBXResourcesBuildPhase section */
		4D5C097F2B560DBC00882087 /* Resources */ = {
			isa = PBXResourcesBuildPhase;
			buildActionMask = 2147483647;
			files = (
				4D5C098C2B560DBD00882087 /* Preview Assets.xcassets in Resources */,
				4D5C09892B560DBD00882087 /* Assets.xcassets in Resources */,
			);
			runOnlyForDeploymentPostprocessing = 0;
		};
		4D5C098F2B560DBD00882087 /* Resources */ = {
			isa = PBXResourcesBuildPhase;
			buildActionMask = 2147483647;
			files = (
			);
			runOnlyForDeploymentPostprocessing = 0;
		};
		4D5C09992B560DBD00882087 /* Resources */ = {
			isa = PBXResourcesBuildPhase;
			buildActionMask = 2147483647;
			files = (
			);
			runOnlyForDeploymentPostprocessing = 0;
		};
/* End PBXResourcesBuildPhase section */

/* Begin PBXSourcesBuildPhase section */
		4D5C097D2B560DBC00882087 /* Sources */ = {
			isa = PBXSourcesBuildPhase;
			buildActionMask = 2147483647;
			files = (
				4D5C09AF2B574A8C00882087 /* Blob.swift in Sources */,
				4D5C09872B560DBC00882087 /* ContentView.swift in Sources */,
				4D5C09852B560DBC00882087 /* Network_LayerApp.swift in Sources */,
			);
			runOnlyForDeploymentPostprocessing = 0;
		};
		4D5C098D2B560DBD00882087 /* Sources */ = {
			isa = PBXSourcesBuildPhase;
			buildActionMask = 2147483647;
			files = (
				4D5C09962B560DBD00882087 /* Network_LayerTests.swift in Sources */,
			);
			runOnlyForDeploymentPostprocessing = 0;
		};
		4D5C09972B560DBD00882087 /* Sources */ = {
			isa = PBXSourcesBuildPhase;
			buildActionMask = 2147483647;
			files = (
				4D5C09A02B560DBD00882087 /* Network_LayerUITests.swift in Sources */,
				4D5C09A22B560DBD00882087 /* Network_LayerUITestsLaunchTests.swift in Sources */,
			);
			runOnlyForDeploymentPostprocessing = 0;
		};
/* End PBXSourcesBuildPhase section */

/* Begin PBXTargetDependency section */
		4D5C09932B560DBD00882087 /* PBXTargetDependency */ = {
			isa = PBXTargetDependency;
			target = 4D5C09802B560DBC00882087 /* Network Layer */;
			targetProxy = 4D5C09922B560DBD00882087 /* PBXContainerItemProxy */;
		};
		4D5C099D2B560DBD00882087 /* PBXTargetDependency */ = {
			isa = PBXTargetDependency;
			target = 4D5C09802B560DBC00882087 /* Network Layer */;
			targetProxy = 4D5C099C2B560DBD00882087 /* PBXContainerItemProxy */;
		};
/* End PBXTargetDependency section */

/* Begin XCBuildConfiguration section */
		4D5C09A32B560DBD00882087 /* Debug */ = {
			isa = XCBuildConfiguration;
			buildSettings = {
				ALWAYS_SEARCH_USER_PATHS = NO;
				ASSETCATALOG_COMPILER_GENERATE_SWIFT_ASSET_SYMBOL_EXTENSIONS = YES;
				CLANG_ANALYZER_NONNULL = YES;
				CLANG_ANALYZER_NUMBER_OBJECT_CONVERSION = YES_AGGRESSIVE;
				CLANG_CXX_LANGUAGE_STANDARD = "gnu++20";
				CLANG_ENABLE_MODULES = YES;
				CLANG_ENABLE_OBJC_ARC = YES;
				CLANG_ENABLE_OBJC_WEAK = YES;
				CLANG_WARN_BLOCK_CAPTURE_AUTORELEASING = YES;
				CLANG_WARN_BOOL_CONVERSION = YES;
				CLANG_WARN_COMMA = YES;
				CLANG_WARN_CONSTANT_CONVERSION = YES;
				CLANG_WARN_DEPRECATED_OBJC_IMPLEMENTATIONS = YES;
				CLANG_WARN_DIRECT_OBJC_ISA_USAGE = YES_ERROR;
				CLANG_WARN_DOCUMENTATION_COMMENTS = YES;
				CLANG_WARN_EMPTY_BODY = YES;
				CLANG_WARN_ENUM_CONVERSION = YES;
				CLANG_WARN_INFINITE_RECURSION = YES;
				CLANG_WARN_INT_CONVERSION = YES;
				CLANG_WARN_NON_LITERAL_NULL_CONVERSION = YES;
				CLANG_WARN_OBJC_IMPLICIT_RETAIN_SELF = YES;
				CLANG_WARN_OBJC_LITERAL_CONVERSION = YES;
				CLANG_WARN_OBJC_ROOT_CLASS = YES_ERROR;
				CLANG_WARN_QUOTED_INCLUDE_IN_FRAMEWORK_HEADER = YES;
				CLANG_WARN_RANGE_LOOP_ANALYSIS = YES;
				CLANG_WARN_STRICT_PROTOTYPES = YES;
				CLANG_WARN_SUSPICIOUS_MOVE = YES;
				CLANG_WARN_UNGUARDED_AVAILABILITY = YES_AGGRESSIVE;
				CLANG_WARN_UNREACHABLE_CODE = YES;
				CLANG_WARN__DUPLICATE_METHOD_MATCH = YES;
				COPY_PHASE_STRIP = NO;
				DEBUG_INFORMATION_FORMAT = dwarf;
				ENABLE_STRICT_OBJC_MSGSEND = YES;
				ENABLE_TESTABILITY = YES;
				ENABLE_USER_SCRIPT_SANDBOXING = YES;
				GCC_C_LANGUAGE_STANDARD = gnu17;
				GCC_DYNAMIC_NO_PIC = NO;
				GCC_NO_COMMON_BLOCKS = YES;
				GCC_OPTIMIZATION_LEVEL = 0;
				GCC_PREPROCESSOR_DEFINITIONS = (
					"DEBUG=1",
					"$(inherited)",
				);
				GCC_WARN_64_TO_32_BIT_CONVERSION = YES;
				GCC_WARN_ABOUT_RETURN_TYPE = YES_ERROR;
				GCC_WARN_UNDECLARED_SELECTOR = YES;
				GCC_WARN_UNINITIALIZED_AUTOS = YES_AGGRESSIVE;
				GCC_WARN_UNUSED_FUNCTION = YES;
				GCC_WARN_UNUSED_VARIABLE = YES;
				IPHONEOS_DEPLOYMENT_TARGET = 17.2;
				LOCALIZATION_PREFERS_STRING_CATALOGS = YES;
				MTL_ENABLE_DEBUG_INFO = INCLUDE_SOURCE;
				MTL_FAST_MATH = YES;
				ONLY_ACTIVE_ARCH = YES;
				SDKROOT = iphoneos;
				SWIFT_ACTIVE_COMPILATION_CONDITIONS = "DEBUG $(inherited)";
				SWIFT_OPTIMIZATION_LEVEL = "-Onone";
			};
			name = Debug;
		};
		4D5C09A42B560DBD00882087 /* Release */ = {
			isa = XCBuildConfiguration;
			buildSettings = {
				ALWAYS_SEARCH_USER_PATHS = NO;
				ASSETCATALOG_COMPILER_GENERATE_SWIFT_ASSET_SYMBOL_EXTENSIONS = YES;
				CLANG_ANALYZER_NONNULL = YES;
				CLANG_ANALYZER_NUMBER_OBJECT_CONVERSION = YES_AGGRESSIVE;
				CLANG_CXX_LANGUAGE_STANDARD = "gnu++20";
				CLANG_ENABLE_MODULES = YES;
				CLANG_ENABLE_OBJC_ARC = YES;
				CLANG_ENABLE_OBJC_WEAK = YES;
				CLANG_WARN_BLOCK_CAPTURE_AUTORELEASING = YES;
				CLANG_WARN_BOOL_CONVERSION = YES;
				CLANG_WARN_COMMA = YES;
				CLANG_WARN_CONSTANT_CONVERSION = YES;
				CLANG_WARN_DEPRECATED_OBJC_IMPLEMENTATIONS = YES;
				CLANG_WARN_DIRECT_OBJC_ISA_USAGE = YES_ERROR;
				CLANG_WARN_DOCUMENTATION_COMMENTS = YES;
				CLANG_WARN_EMPTY_BODY = YES;
				CLANG_WARN_ENUM_CONVERSION = YES;
				CLANG_WARN_INFINITE_RECURSION = YES;
				CLANG_WARN_INT_CONVERSION = YES;
				CLANG_WARN_NON_LITERAL_NULL_CONVERSION = YES;
				CLANG_WARN_OBJC_IMPLICIT_RETAIN_SELF = YES;
				CLANG_WARN_OBJC_LITERAL_CONVERSION = YES;
				CLANG_WARN_OBJC_ROOT_CLASS = YES_ERROR;
				CLANG_WARN_QUOTED_INCLUDE_IN_FRAMEWORK_HEADER = YES;
				CLANG_WARN_RANGE_LOOP_ANALYSIS = YES;
				CLANG_WARN_STRICT_PROTOTYPES = YES;
				CLANG_WARN_SUSPICIOUS_MOVE = YES;
				CLANG_WARN_UNGUARDED_AVAILABILITY = YES_AGGRESSIVE;
				CLANG_WARN_UNREACHABLE_CODE = YES;
				CLANG_WARN__DUPLICATE_METHOD_MATCH = YES;
				COPY_PHASE_STRIP = NO;
				DEBUG_INFORMATION_FORMAT = "dwarf-with-dsym";
				ENABLE_NS_ASSERTIONS = NO;
				ENABLE_STRICT_OBJC_MSGSEND = YES;
				ENABLE_USER_SCRIPT_SANDBOXING = YES;
				GCC_C_LANGUAGE_STANDARD = gnu17;
				GCC_NO_COMMON_BLOCKS = YES;
				GCC_WARN_64_TO_32_BIT_CONVERSION = YES;
				GCC_WARN_ABOUT_RETURN_TYPE = YES_ERROR;
				GCC_WARN_UNDECLARED_SELECTOR = YES;
				GCC_WARN_UNINITIALIZED_AUTOS = YES_AGGRESSIVE;
				GCC_WARN_UNUSED_FUNCTION = YES;
				GCC_WARN_UNUSED_VARIABLE = YES;
				IPHONEOS_DEPLOYMENT_TARGET = 17.2;
				LOCALIZATION_PREFERS_STRING_CATALOGS = YES;
				MTL_ENABLE_DEBUG_INFO = NO;
				MTL_FAST_MATH = YES;
				SDKROOT = iphoneos;
				SWIFT_COMPILATION_MODE = wholemodule;
				VALIDATE_PRODUCT = YES;
			};
			name = Release;
		};
		4D5C09A62B560DBD00882087 /* Debug */ = {
			isa = XCBuildConfiguration;
			buildSettings = {
				ASSETCATALOG_COMPILER_APPICON_NAME = AppIcon;
				ASSETCATALOG_COMPILER_GLOBAL_ACCENT_COLOR_NAME = AccentColor;
				CODE_SIGN_STYLE = Automatic;
				CURRENT_PROJECT_VERSION = 1;
				DEVELOPMENT_ASSET_PATHS = "\"Network Layer/Preview Content\"";
				DEVELOPMENT_TEAM = G9TBJCK73T;
				ENABLE_PREVIEWS = YES;
				GENERATE_INFOPLIST_FILE = YES;
				INFOPLIST_KEY_UIApplicationSceneManifest_Generation = YES;
				INFOPLIST_KEY_UIApplicationSupportsIndirectInputEvents = YES;
				INFOPLIST_KEY_UILaunchScreen_Generation = YES;
				INFOPLIST_KEY_UISupportedInterfaceOrientations_iPad = "UIInterfaceOrientationPortrait UIInterfaceOrientationPortraitUpsideDown UIInterfaceOrientationLandscapeLeft UIInterfaceOrientationLandscapeRight";
				INFOPLIST_KEY_UISupportedInterfaceOrientations_iPhone = "UIInterfaceOrientationPortrait UIInterfaceOrientationLandscapeLeft UIInterfaceOrientationLandscapeRight";
				LD_RUNPATH_SEARCH_PATHS = (
					"$(inherited)",
					"@executable_path/Frameworks",
				);
				MARKETING_VERSION = 1.0;
				PRODUCT_BUNDLE_IDENTIFIER = "com.israman.somenews.Network-Layer";
				PRODUCT_NAME = "$(TARGET_NAME)";
				SWIFT_EMIT_LOC_STRINGS = YES;
				SWIFT_VERSION = 5.0;
				TARGETED_DEVICE_FAMILY = "1,2";
			};
			name = Debug;
		};
		4D5C09A72B560DBD00882087 /* Release */ = {
			isa = XCBuildConfiguration;
			buildSettings = {
				ASSETCATALOG_COMPILER_APPICON_NAME = AppIcon;
				ASSETCATALOG_COMPILER_GLOBAL_ACCENT_COLOR_NAME = AccentColor;
				CODE_SIGN_STYLE = Automatic;
				CURRENT_PROJECT_VERSION = 1;
				DEVELOPMENT_ASSET_PATHS = "\"Network Layer/Preview Content\"";
				DEVELOPMENT_TEAM = G9TBJCK73T;
				ENABLE_PREVIEWS = YES;
				GENERATE_INFOPLIST_FILE = YES;
				INFOPLIST_KEY_UIApplicationSceneManifest_Generation = YES;
				INFOPLIST_KEY_UIApplicationSupportsIndirectInputEvents = YES;
				INFOPLIST_KEY_UILaunchScreen_Generation = YES;
				INFOPLIST_KEY_UISupportedInterfaceOrientations_iPad = "UIInterfaceOrientationPortrait UIInterfaceOrientationPortraitUpsideDown UIInterfaceOrientationLandscapeLeft UIInterfaceOrientationLandscapeRight";
				INFOPLIST_KEY_UISupportedInterfaceOrientations_iPhone = "UIInterfaceOrientationPortrait UIInterfaceOrientationLandscapeLeft UIInterfaceOrientationLandscapeRight";
				LD_RUNPATH_SEARCH_PATHS = (
					"$(inherited)",
					"@executable_path/Frameworks",
				);
				MARKETING_VERSION = 1.0;
				PRODUCT_BUNDLE_IDENTIFIER = "com.israman.somenews.Network-Layer";
				PRODUCT_NAME = "$(TARGET_NAME)";
				SWIFT_EMIT_LOC_STRINGS = YES;
				SWIFT_VERSION = 5.0;
				TARGETED_DEVICE_FAMILY = "1,2";
			};
			name = Release;
		};
		4D5C09A92B560DBD00882087 /* Debug */ = {
			isa = XCBuildConfiguration;
			buildSettings = {
				ALWAYS_EMBED_SWIFT_STANDARD_LIBRARIES = YES;
				BUNDLE_LOADER = "$(TEST_HOST)";
				CODE_SIGN_STYLE = Automatic;
				CURRENT_PROJECT_VERSION = 1;
				DEVELOPMENT_TEAM = G9TBJCK73T;
				GENERATE_INFOPLIST_FILE = YES;
				IPHONEOS_DEPLOYMENT_TARGET = 17.2;
				MARKETING_VERSION = 1.0;
				PRODUCT_BUNDLE_IDENTIFIER = "com.israman.somenews.Network-LayerTests";
				PRODUCT_NAME = "$(TARGET_NAME)";
				SWIFT_EMIT_LOC_STRINGS = NO;
				SWIFT_VERSION = 5.0;
				TARGETED_DEVICE_FAMILY = "1,2";
				TEST_HOST = "$(BUILT_PRODUCTS_DIR)/Network Layer.app/$(BUNDLE_EXECUTABLE_FOLDER_PATH)/Network Layer";
			};
			name = Debug;
		};
		4D5C09AA2B560DBD00882087 /* Release */ = {
			isa = XCBuildConfiguration;
			buildSettings = {
				ALWAYS_EMBED_SWIFT_STANDARD_LIBRARIES = YES;
				BUNDLE_LOADER = "$(TEST_HOST)";
				CODE_SIGN_STYLE = Automatic;
				CURRENT_PROJECT_VERSION = 1;
				DEVELOPMENT_TEAM = G9TBJCK73T;
				GENERATE_INFOPLIST_FILE = YES;
				IPHONEOS_DEPLOYMENT_TARGET = 17.2;
				MARKETING_VERSION = 1.0;
				PRODUCT_BUNDLE_IDENTIFIER = "com.israman.somenews.Network-LayerTests";
				PRODUCT_NAME = "$(TARGET_NAME)";
				SWIFT_EMIT_LOC_STRINGS = NO;
				SWIFT_VERSION = 5.0;
				TARGETED_DEVICE_FAMILY = "1,2";
				TEST_HOST = "$(BUILT_PRODUCTS_DIR)/Network Layer.app/$(BUNDLE_EXECUTABLE_FOLDER_PATH)/Network Layer";
			};
			name = Release;
		};
		4D5C09AC2B560DBD00882087 /* Debug */ = {
			isa = XCBuildConfiguration;
			buildSettings = {
				ALWAYS_EMBED_SWIFT_STANDARD_LIBRARIES = YES;
				CODE_SIGN_STYLE = Automatic;
				CURRENT_PROJECT_VERSION = 1;
				DEVELOPMENT_TEAM = G9TBJCK73T;
				GENERATE_INFOPLIST_FILE = YES;
				MARKETING_VERSION = 1.0;
				PRODUCT_BUNDLE_IDENTIFIER = "com.israman.somenews.Network-LayerUITests";
				PRODUCT_NAME = "$(TARGET_NAME)";
				SWIFT_EMIT_LOC_STRINGS = NO;
				SWIFT_VERSION = 5.0;
				TARGETED_DEVICE_FAMILY = "1,2";
				TEST_TARGET_NAME = "Network Layer";
			};
			name = Debug;
		};
		4D5C09AD2B560DBD00882087 /* Release */ = {
			isa = XCBuildConfiguration;
			buildSettings = {
				ALWAYS_EMBED_SWIFT_STANDARD_LIBRARIES = YES;
				CODE_SIGN_STYLE = Automatic;
				CURRENT_PROJECT_VERSION = 1;
				DEVELOPMENT_TEAM = G9TBJCK73T;
				GENERATE_INFOPLIST_FILE = YES;
				MARKETING_VERSION = 1.0;
				PRODUCT_BUNDLE_IDENTIFIER = "com.israman.somenews.Network-LayerUITests";
				PRODUCT_NAME = "$(TARGET_NAME)";
				SWIFT_EMIT_LOC_STRINGS = NO;
				SWIFT_VERSION = 5.0;
				TARGETED_DEVICE_FAMILY = "1,2";
				TEST_TARGET_NAME = "Network Layer";
			};
			name = Release;
		};
/* End XCBuildConfiguration section */

/* Begin XCConfigurationList section */
		4D5C097C2B560DBC00882087 /* Build configuration list for PBXProject "Network Layer" */ = {
			isa = XCConfigurationList;
			buildConfigurations = (
				4D5C09A32B560DBD00882087 /* Debug */,
				4D5C09A42B560DBD00882087 /* Release */,
			);
			defaultConfigurationIsVisible = 0;
			defaultConfigurationName = Release;
		};
		4D5C09A52B560DBD00882087 /* Build configuration list for PBXNativeTarget "Network Layer" */ = {
			isa = XCConfigurationList;
			buildConfigurations = (
				4D5C09A62B560DBD00882087 /* Debug */,
				4D5C09A72B560DBD00882087 /* Release */,
			);
			defaultConfigurationIsVisible = 0;
			defaultConfigurationName = Release;
		};
		4D5C09A82B560DBD00882087 /* Build configuration list for PBXNativeTarget "Network LayerTests" */ = {
			isa = XCConfigurationList;
			buildConfigurations = (
				4D5C09A92B560DBD00882087 /* Debug */,
				4D5C09AA2B560DBD00882087 /* Release */,
			);
			defaultConfigurationIsVisible = 0;
			defaultConfigurationName = Release;
		};
		4D5C09AB2B560DBD00882087 /* Build configuration list for PBXNativeTarget "Network LayerUITests" */ = {
			isa = XCConfigurationList;
			buildConfigurations = (
				4D5C09AC2B560DBD00882087 /* Debug */,
				4D5C09AD2B560DBD00882087 /* Release */,
			);
			defaultConfigurationIsVisible = 0;
			defaultConfigurationName = Release;
		};
/* End XCConfigurationList section */
	};
	rootObject = 4D5C09792B560DBC00882087 /* Project object */;
}
