// !$*UTF8*$!
{
	archiveVersion = 1;
	classes = {
	};
	objectVersion = 56;
	objects = {

/* Begin PBXBuildFile section */
		4D60E37829821AF400C8C95F /* ModuleONEApp.swift in Sources */ = {isa = PBXBuildFile; fileRef = 4D60E37729821AF400C8C95F /* ModuleONEApp.swift */; };
		4D60E37A29821AF400C8C95F /* ContentView.swift in Sources */ = {isa = PBXBuildFile; fileRef = 4D60E37929821AF400C8C95F /* ContentView.swift */; };
		4D60E37C29821AF400C8C95F /* Assets.xcassets in Resources */ = {isa = PBXBuildFile; fileRef = 4D60E37B29821AF400C8C95F /* Assets.xcassets */; };
		4D60E37F29821AF400C8C95F /* Preview Assets.xcassets in Resources */ = {isa = PBXBuildFile; fileRef = 4D60E37E29821AF400C8C95F /* Preview Assets.xcassets */; };
		4D60E38929821AF400C8C95F /* ModuleONETests.swift in Sources */ = {isa = PBXBuildFile; fileRef = 4D60E38829821AF400C8C95F /* ModuleONETests.swift */; };
		4D60E39329821AF400C8C95F /* ModuleONEUITests.swift in Sources */ = {isa = PBXBuildFile; fileRef = 4D60E39229821AF400C8C95F /* ModuleONEUITests.swift */; };
		4D60E39529821AF400C8C95F /* ModuleONEUITestsLaunchTests.swift in Sources */ = {isa = PBXBuildFile; fileRef = 4D60E39429821AF400C8C95F /* ModuleONEUITestsLaunchTests.swift */; };
		4D60E3EC29821DAB00C8C95F /* HomeView.swift in Sources */ = {isa = PBXBuildFile; fileRef = 4D60E3EB29821DAB00C8C95F /* HomeView.swift */; };
		4D60E3EF2982271800C8C95F /* UIDesignKit.framework in Frameworks */ = {isa = PBXBuildFile; fileRef = 4D60E3EE2982271800C8C95F /* UIDesignKit.framework */; };
		4D60E3F32982FB3F00C8C95F /* NetworkServicesKit.framework in Frameworks */ = {isa = PBXBuildFile; fileRef = 4D60E3F22982FB3F00C8C95F /* NetworkServicesKit.framework */; };
/* End PBXBuildFile section */

/* Begin PBXContainerItemProxy section */
		4D60E38529821AF400C8C95F /* PBXContainerItemProxy */ = {
			isa = PBXContainerItemProxy;
			containerPortal = 4D60E36C29821AF400C8C95F /* Project object */;
			proxyType = 1;
			remoteGlobalIDString = 4D60E37329821AF400C8C95F;
			remoteInfo = ModuleONE;
		};
		4D60E38F29821AF400C8C95F /* PBXContainerItemProxy */ = {
			isa = PBXContainerItemProxy;
			containerPortal = 4D60E36C29821AF400C8C95F /* Project object */;
			proxyType = 1;
			remoteGlobalIDString = 4D60E37329821AF400C8C95F;
			remoteInfo = ModuleONE;
		};
/* End PBXContainerItemProxy section */

/* Begin PBXFileReference section */
		4D60E37429821AF400C8C95F /* ModuleONE.app */ = {isa = PBXFileReference; explicitFileType = wrapper.application; includeInIndex = 0; path = ModuleONE.app; sourceTree = BUILT_PRODUCTS_DIR; };
		4D60E37729821AF400C8C95F /* ModuleONEApp.swift */ = {isa = PBXFileReference; lastKnownFileType = sourcecode.swift; path = ModuleONEApp.swift; sourceTree = "<group>"; };
		4D60E37929821AF400C8C95F /* ContentView.swift */ = {isa = PBXFileReference; lastKnownFileType = sourcecode.swift; path = ContentView.swift; sourceTree = "<group>"; };
		4D60E37B29821AF400C8C95F /* Assets.xcassets */ = {isa = PBXFileReference; lastKnownFileType = folder.assetcatalog; path = Assets.xcassets; sourceTree = "<group>"; };
		4D60E37E29821AF400C8C95F /* Preview Assets.xcassets */ = {isa = PBXFileReference; lastKnownFileType = folder.assetcatalog; path = "Preview Assets.xcassets"; sourceTree = "<group>"; };
		4D60E38429821AF400C8C95F /* ModuleONETests.xctest */ = {isa = PBXFileReference; explicitFileType = wrapper.cfbundle; includeInIndex = 0; path = ModuleONETests.xctest; sourceTree = BUILT_PRODUCTS_DIR; };
		4D60E38829821AF400C8C95F /* ModuleONETests.swift */ = {isa = PBXFileReference; lastKnownFileType = sourcecode.swift; path = ModuleONETests.swift; sourceTree = "<group>"; };
		4D60E38E29821AF400C8C95F /* ModuleONEUITests.xctest */ = {isa = PBXFileReference; explicitFileType = wrapper.cfbundle; includeInIndex = 0; path = ModuleONEUITests.xctest; sourceTree = BUILT_PRODUCTS_DIR; };
		4D60E39229821AF400C8C95F /* ModuleONEUITests.swift */ = {isa = PBXFileReference; lastKnownFileType = sourcecode.swift; path = ModuleONEUITests.swift; sourceTree = "<group>"; };
		4D60E39429821AF400C8C95F /* ModuleONEUITestsLaunchTests.swift */ = {isa = PBXFileReference; lastKnownFileType = sourcecode.swift; path = ModuleONEUITestsLaunchTests.swift; sourceTree = "<group>"; };
		4D60E3EB29821DAB00C8C95F /* HomeView.swift */ = {isa = PBXFileReference; lastKnownFileType = sourcecode.swift; path = HomeView.swift; sourceTree = "<group>"; };
		4D60E3EE2982271800C8C95F /* UIDesignKit.framework */ = {isa = PBXFileReference; explicitFileType = wrapper.framework; path = UIDesignKit.framework; sourceTree = BUILT_PRODUCTS_DIR; };
		4D60E3F0298227E800C8C95F /* NetworkServicesKit.framework */ = {isa = PBXFileReference; explicitFileType = wrapper.framework; path = NetworkServicesKit.framework; sourceTree = BUILT_PRODUCTS_DIR; };
		4D60E3F22982FB3F00C8C95F /* NetworkServicesKit.framework */ = {isa = PBXFileReference; explicitFileType = wrapper.framework; path = NetworkServicesKit.framework; sourceTree = BUILT_PRODUCTS_DIR; };
/* End PBXFileReference section */

/* Begin PBXFrameworksBuildPhase section */
		4D60E37129821AF400C8C95F /* Frameworks */ = {
			isa = PBXFrameworksBuildPhase;
			buildActionMask = 2147483647;
			files = (
				4D60E3F32982FB3F00C8C95F /* NetworkServicesKit.framework in Frameworks */,
				4D60E3EF2982271800C8C95F /* UIDesignKit.framework in Frameworks */,
			);
			runOnlyForDeploymentPostprocessing = 0;
		};
		4D60E38129821AF400C8C95F /* Frameworks */ = {
			isa = PBXFrameworksBuildPhase;
			buildActionMask = 2147483647;
			files = (
			);
			runOnlyForDeploymentPostprocessing = 0;
		};
		4D60E38B29821AF400C8C95F /* Frameworks */ = {
			isa = PBXFrameworksBuildPhase;
			buildActionMask = 2147483647;
			files = (
			);
			runOnlyForDeploymentPostprocessing = 0;
		};
/* End PBXFrameworksBuildPhase section */

/* Begin PBXGroup section */
		4D60E36B29821AF400C8C95F = {
			isa = PBXGroup;
			children = (
				4D60E37629821AF400C8C95F /* ModuleONE */,
				4D60E38729821AF400C8C95F /* ModuleONETests */,
				4D60E39129821AF400C8C95F /* ModuleONEUITests */,
				4D60E37529821AF400C8C95F /* Products */,
				4D60E3ED2982271800C8C95F /* Frameworks */,
			);
			sourceTree = "<group>";
		};
		4D60E37529821AF400C8C95F /* Products */ = {
			isa = PBXGroup;
			children = (
				4D60E37429821AF400C8C95F /* ModuleONE.app */,
				4D60E38429821AF400C8C95F /* ModuleONETests.xctest */,
				4D60E38E29821AF400C8C95F /* ModuleONEUITests.xctest */,
			);
			name = Products;
			sourceTree = "<group>";
		};
		4D60E37629821AF400C8C95F /* ModuleONE */ = {
			isa = PBXGroup;
			children = (
				4D60E37729821AF400C8C95F /* ModuleONEApp.swift */,
				4D60E37929821AF400C8C95F /* ContentView.swift */,
				4D60E3EB29821DAB00C8C95F /* HomeView.swift */,
				4D60E37B29821AF400C8C95F /* Assets.xcassets */,
				4D60E37D29821AF400C8C95F /* Preview Content */,
			);
			path = ModuleONE;
			sourceTree = "<group>";
		};
		4D60E37D29821AF400C8C95F /* Preview Content */ = {
			isa = PBXGroup;
			children = (
				4D60E37E29821AF400C8C95F /* Preview Assets.xcassets */,
			);
			path = "Preview Content";
			sourceTree = "<group>";
		};
		4D60E38729821AF400C8C95F /* ModuleONETests */ = {
			isa = PBXGroup;
			children = (
				4D60E38829821AF400C8C95F /* ModuleONETests.swift */,
			);
			path = ModuleONETests;
			sourceTree = "<group>";
		};
		4D60E39129821AF400C8C95F /* ModuleONEUITests */ = {
			isa = PBXGroup;
			children = (
				4D60E39229821AF400C8C95F /* ModuleONEUITests.swift */,
				4D60E39429821AF400C8C95F /* ModuleONEUITestsLaunchTests.swift */,
			);
			path = ModuleONEUITests;
			sourceTree = "<group>";
		};
		4D60E3ED2982271800C8C95F /* Frameworks */ = {
			isa = PBXGroup;
			children = (
				4D60E3F22982FB3F00C8C95F /* NetworkServicesKit.framework */,
				4D60E3F0298227E800C8C95F /* NetworkServicesKit.framework */,
				4D60E3EE2982271800C8C95F /* UIDesignKit.framework */,
			);
			name = Frameworks;
			sourceTree = "<group>";
		};
/* End PBXGroup section */

/* Begin PBXNativeTarget section */
		4D60E37329821AF400C8C95F /* ModuleONE */ = {
			isa = PBXNativeTarget;
			buildConfigurationList = 4D60E39829821AF400C8C95F /* Build configuration list for PBXNativeTarget "ModuleONE" */;
			buildPhases = (
				4D60E37029821AF400C8C95F /* Sources */,
				4D60E37129821AF400C8C95F /* Frameworks */,
				4D60E37229821AF400C8C95F /* Resources */,
			);
			buildRules = (
			);
			dependencies = (
			);
			name = ModuleONE;
			productName = ModuleONE;
			productReference = 4D60E37429821AF400C8C95F /* ModuleONE.app */;
			productType = "com.apple.product-type.application";
		};
		4D60E38329821AF400C8C95F /* ModuleONETests */ = {
			isa = PBXNativeTarget;
			buildConfigurationList = 4D60E39B29821AF400C8C95F /* Build configuration list for PBXNativeTarget "ModuleONETests" */;
			buildPhases = (
				4D60E38029821AF400C8C95F /* Sources */,
				4D60E38129821AF400C8C95F /* Frameworks */,
				4D60E38229821AF400C8C95F /* Resources */,
			);
			buildRules = (
			);
			dependencies = (
				4D60E38629821AF400C8C95F /* PBXTargetDependency */,
			);
			name = ModuleONETests;
			productName = ModuleONETests;
			productReference = 4D60E38429821AF400C8C95F /* ModuleONETests.xctest */;
			productType = "com.apple.product-type.bundle.unit-test";
		};
		4D60E38D29821AF400C8C95F /* ModuleONEUITests */ = {
			isa = PBXNativeTarget;
			buildConfigurationList = 4D60E39E29821AF400C8C95F /* Build configuration list for PBXNativeTarget "ModuleONEUITests" */;
			buildPhases = (
				4D60E38A29821AF400C8C95F /* Sources */,
				4D60E38B29821AF400C8C95F /* Frameworks */,
				4D60E38C29821AF400C8C95F /* Resources */,
			);
			buildRules = (
			);
			dependencies = (
				4D60E39029821AF400C8C95F /* PBXTargetDependency */,
			);
			name = ModuleONEUITests;
			productName = ModuleONEUITests;
			productReference = 4D60E38E29821AF400C8C95F /* ModuleONEUITests.xctest */;
			productType = "com.apple.product-type.bundle.ui-testing";
		};
/* End PBXNativeTarget section */

/* Begin PBXProject section */
		4D60E36C29821AF400C8C95F /* Project object */ = {
			isa = PBXProject;
			attributes = {
				BuildIndependentTargetsInParallel = 1;
				LastSwiftUpdateCheck = 1420;
				LastUpgradeCheck = 1420;
				TargetAttributes = {
					4D60E37329821AF400C8C95F = {
						CreatedOnToolsVersion = 14.2;
					};
					4D60E38329821AF400C8C95F = {
						CreatedOnToolsVersion = 14.2;
						TestTargetID = 4D60E37329821AF400C8C95F;
					};
					4D60E38D29821AF400C8C95F = {
						CreatedOnToolsVersion = 14.2;
						TestTargetID = 4D60E37329821AF400C8C95F;
					};
				};
			};
			buildConfigurationList = 4D60E36F29821AF400C8C95F /* Build configuration list for PBXProject "ModuleONE" */;
			compatibilityVersion = "Xcode 14.0";
			developmentRegion = en;
			hasScannedForEncodings = 0;
			knownRegions = (
				en,
				Base,
			);
			mainGroup = 4D60E36B29821AF400C8C95F;
			productRefGroup = 4D60E37529821AF400C8C95F /* Products */;
			projectDirPath = "";
			projectRoot = "";
			targets = (
				4D60E37329821AF400C8C95F /* ModuleONE */,
				4D60E38329821AF400C8C95F /* ModuleONETests */,
				4D60E38D29821AF400C8C95F /* ModuleONEUITests */,
			);
		};
/* End PBXProject section */

/* Begin PBXResourcesBuildPhase section */
		4D60E37229821AF400C8C95F /* Resources */ = {
			isa = PBXResourcesBuildPhase;
			buildActionMask = 2147483647;
			files = (
				4D60E37F29821AF400C8C95F /* Preview Assets.xcassets in Resources */,
				4D60E37C29821AF400C8C95F /* Assets.xcassets in Resources */,
			);
			runOnlyForDeploymentPostprocessing = 0;
		};
		4D60E38229821AF400C8C95F /* Resources */ = {
			isa = PBXResourcesBuildPhase;
			buildActionMask = 2147483647;
			files = (
			);
			runOnlyForDeploymentPostprocessing = 0;
		};
		4D60E38C29821AF400C8C95F /* Resources */ = {
			isa = PBXResourcesBuildPhase;
			buildActionMask = 2147483647;
			files = (
			);
			runOnlyForDeploymentPostprocessing = 0;
		};
/* End PBXResourcesBuildPhase section */

/* Begin PBXSourcesBuildPhase section */
		4D60E37029821AF400C8C95F /* Sources */ = {
			isa = PBXSourcesBuildPhase;
			buildActionMask = 2147483647;
			files = (
				4D60E3EC29821DAB00C8C95F /* HomeView.swift in Sources */,
				4D60E37A29821AF400C8C95F /* ContentView.swift in Sources */,
				4D60E37829821AF400C8C95F /* ModuleONEApp.swift in Sources */,
			);
			runOnlyForDeploymentPostprocessing = 0;
		};
		4D60E38029821AF400C8C95F /* Sources */ = {
			isa = PBXSourcesBuildPhase;
			buildActionMask = 2147483647;
			files = (
				4D60E38929821AF400C8C95F /* ModuleONETests.swift in Sources */,
			);
			runOnlyForDeploymentPostprocessing = 0;
		};
		4D60E38A29821AF400C8C95F /* Sources */ = {
			isa = PBXSourcesBuildPhase;
			buildActionMask = 2147483647;
			files = (
				4D60E39329821AF400C8C95F /* ModuleONEUITests.swift in Sources */,
				4D60E39529821AF400C8C95F /* ModuleONEUITestsLaunchTests.swift in Sources */,
			);
			runOnlyForDeploymentPostprocessing = 0;
		};
/* End PBXSourcesBuildPhase section */

/* Begin PBXTargetDependency section */
		4D60E38629821AF400C8C95F /* PBXTargetDependency */ = {
			isa = PBXTargetDependency;
			target = 4D60E37329821AF400C8C95F /* ModuleONE */;
			targetProxy = 4D60E38529821AF400C8C95F /* PBXContainerItemProxy */;
		};
		4D60E39029821AF400C8C95F /* PBXTargetDependency */ = {
			isa = PBXTargetDependency;
			target = 4D60E37329821AF400C8C95F /* ModuleONE */;
			targetProxy = 4D60E38F29821AF400C8C95F /* PBXContainerItemProxy */;
		};
/* End PBXTargetDependency section */

/* Begin XCBuildConfiguration section */
		4D60E39629821AF400C8C95F /* Debug */ = {
			isa = XCBuildConfiguration;
			buildSettings = {
				ALWAYS_SEARCH_USER_PATHS = NO;
				CLANG_ANALYZER_NONNULL = YES;
				CLANG_ANALYZER_NUMBER_OBJECT_CONVERSION = YES_AGGRESSIVE;
				CLANG_CXX_LANGUAGE_STANDARD = "gnu++20";
				CLANG_ENABLE_MODULES = YES;
				CLANG_ENABLE_OBJC_ARC = YES;
				CLANG_ENABLE_OBJC_WEAK = YES;
				CLANG_WARN_BLOCK_CAPTURE_AUTORELEASING = YES;
				CLANG_WARN_BOOL_CONVERSION = YES;
				CLANG_WARN_COMMA = YES;
				CLANG_WARN_CONSTANT_CONVERSION = YES;
				CLANG_WARN_DEPRECATED_OBJC_IMPLEMENTATIONS = YES;
				CLANG_WARN_DIRECT_OBJC_ISA_USAGE = YES_ERROR;
				CLANG_WARN_DOCUMENTATION_COMMENTS = YES;
				CLANG_WARN_EMPTY_BODY = YES;
				CLANG_WARN_ENUM_CONVERSION = YES;
				CLANG_WARN_INFINITE_RECURSION = YES;
				CLANG_WARN_INT_CONVERSION = YES;
				CLANG_WARN_NON_LITERAL_NULL_CONVERSION = YES;
				CLANG_WARN_OBJC_IMPLICIT_RETAIN_SELF = YES;
				CLANG_WARN_OBJC_LITERAL_CONVERSION = YES;
				CLANG_WARN_OBJC_ROOT_CLASS = YES_ERROR;
				CLANG_WARN_QUOTED_INCLUDE_IN_FRAMEWORK_HEADER = YES;
				CLANG_WARN_RANGE_LOOP_ANALYSIS = YES;
				CLANG_WARN_STRICT_PROTOTYPES = YES;
				CLANG_WARN_SUSPICIOUS_MOVE = YES;
				CLANG_WARN_UNGUARDED_AVAILABILITY = YES_AGGRESSIVE;
				CLANG_WARN_UNREACHABLE_CODE = YES;
				CLANG_WARN__DUPLICATE_METHOD_MATCH = YES;
				COPY_PHASE_STRIP = NO;
				DEBUG_INFORMATION_FORMAT = dwarf;
				ENABLE_STRICT_OBJC_MSGSEND = YES;
				ENABLE_TESTABILITY = YES;
				GCC_C_LANGUAGE_STANDARD = gnu11;
				GCC_DYNAMIC_NO_PIC = NO;
				GCC_NO_COMMON_BLOCKS = YES;
				GCC_OPTIMIZATION_LEVEL = 0;
				GCC_PREPROCESSOR_DEFINITIONS = (
					"DEBUG=1",
					"$(inherited)",
				);
				GCC_WARN_64_TO_32_BIT_CONVERSION = YES;
				GCC_WARN_ABOUT_RETURN_TYPE = YES_ERROR;
				GCC_WARN_UNDECLARED_SELECTOR = YES;
				GCC_WARN_UNINITIALIZED_AUTOS = YES_AGGRESSIVE;
				GCC_WARN_UNUSED_FUNCTION = YES;
				GCC_WARN_UNUSED_VARIABLE = YES;
				IPHONEOS_DEPLOYMENT_TARGET = 16.2;
				MTL_ENABLE_DEBUG_INFO = INCLUDE_SOURCE;
				MTL_FAST_MATH = YES;
				ONLY_ACTIVE_ARCH = YES;
				SDKROOT = iphoneos;
				SWIFT_ACTIVE_COMPILATION_CONDITIONS = DEBUG;
				SWIFT_OPTIMIZATION_LEVEL = "-Onone";
			};
			name = Debug;
		};
		4D60E39729821AF400C8C95F /* Release */ = {
			isa = XCBuildConfiguration;
			buildSettings = {
				ALWAYS_SEARCH_USER_PATHS = NO;
				CLANG_ANALYZER_NONNULL = YES;
				CLANG_ANALYZER_NUMBER_OBJECT_CONVERSION = YES_AGGRESSIVE;
				CLANG_CXX_LANGUAGE_STANDARD = "gnu++20";
				CLANG_ENABLE_MODULES = YES;
				CLANG_ENABLE_OBJC_ARC = YES;
				CLANG_ENABLE_OBJC_WEAK = YES;
				CLANG_WARN_BLOCK_CAPTURE_AUTORELEASING = YES;
				CLANG_WARN_BOOL_CONVERSION = YES;
				CLANG_WARN_COMMA = YES;
				CLANG_WARN_CONSTANT_CONVERSION = YES;
				CLANG_WARN_DEPRECATED_OBJC_IMPLEMENTATIONS = YES;
				CLANG_WARN_DIRECT_OBJC_ISA_USAGE = YES_ERROR;
				CLANG_WARN_DOCUMENTATION_COMMENTS = YES;
				CLANG_WARN_EMPTY_BODY = YES;
				CLANG_WARN_ENUM_CONVERSION = YES;
				CLANG_WARN_INFINITE_RECURSION = YES;
				CLANG_WARN_INT_CONVERSION = YES;
				CLANG_WARN_NON_LITERAL_NULL_CONVERSION = YES;
				CLANG_WARN_OBJC_IMPLICIT_RETAIN_SELF = YES;
				CLANG_WARN_OBJC_LITERAL_CONVERSION = YES;
				CLANG_WARN_OBJC_ROOT_CLASS = YES_ERROR;
				CLANG_WARN_QUOTED_INCLUDE_IN_FRAMEWORK_HEADER = YES;
				CLANG_WARN_RANGE_LOOP_ANALYSIS = YES;
				CLANG_WARN_STRICT_PROTOTYPES = YES;
				CLANG_WARN_SUSPICIOUS_MOVE = YES;
				CLANG_WARN_UNGUARDED_AVAILABILITY = YES_AGGRESSIVE;
				CLANG_WARN_UNREACHABLE_CODE = YES;
				CLANG_WARN__DUPLICATE_METHOD_MATCH = YES;
				COPY_PHASE_STRIP = NO;
				DEBUG_INFORMATION_FORMAT = "dwarf-with-dsym";
				ENABLE_NS_ASSERTIONS = NO;
				ENABLE_STRICT_OBJC_MSGSEND = YES;
				GCC_C_LANGUAGE_STANDARD = gnu11;
				GCC_NO_COMMON_BLOCKS = YES;
				GCC_WARN_64_TO_32_BIT_CONVERSION = YES;
				GCC_WARN_ABOUT_RETURN_TYPE = YES_ERROR;
				GCC_WARN_UNDECLARED_SELECTOR = YES;
				GCC_WARN_UNINITIALIZED_AUTOS = YES_AGGRESSIVE;
				GCC_WARN_UNUSED_FUNCTION = YES;
				GCC_WARN_UNUSED_VARIABLE = YES;
				IPHONEOS_DEPLOYMENT_TARGET = 16.2;
				MTL_ENABLE_DEBUG_INFO = NO;
				MTL_FAST_MATH = YES;
				SDKROOT = iphoneos;
				SWIFT_COMPILATION_MODE = wholemodule;
				SWIFT_OPTIMIZATION_LEVEL = "-O";
				VALIDATE_PRODUCT = YES;
			};
			name = Release;
		};
		4D60E39929821AF400C8C95F /* Debug */ = {
			isa = XCBuildConfiguration;
			buildSettings = {
				ASSETCATALOG_COMPILER_APPICON_NAME = AppIcon;
				ASSETCATALOG_COMPILER_GLOBAL_ACCENT_COLOR_NAME = AccentColor;
				CODE_SIGN_STYLE = Automatic;
				CURRENT_PROJECT_VERSION = 1;
				DEVELOPMENT_ASSET_PATHS = "\"ModuleONE/Preview Content\"";
				ENABLE_PREVIEWS = YES;
				GENERATE_INFOPLIST_FILE = YES;
				INFOPLIST_KEY_UIApplicationSceneManifest_Generation = YES;
				INFOPLIST_KEY_UIApplicationSupportsIndirectInputEvents = YES;
				INFOPLIST_KEY_UILaunchScreen_Generation = YES;
				INFOPLIST_KEY_UISupportedInterfaceOrientations_iPad = "UIInterfaceOrientationPortrait UIInterfaceOrientationPortraitUpsideDown UIInterfaceOrientationLandscapeLeft UIInterfaceOrientationLandscapeRight";
				INFOPLIST_KEY_UISupportedInterfaceOrientations_iPhone = "UIInterfaceOrientationPortrait UIInterfaceOrientationLandscapeLeft UIInterfaceOrientationLandscapeRight";
				LD_RUNPATH_SEARCH_PATHS = (
					"$(inherited)",
					"@executable_path/Frameworks",
				);
				MARKETING_VERSION = 1.0;
				PRODUCT_BUNDLE_IDENTIFIER = israman.ModuleONE;
				PRODUCT_NAME = "$(TARGET_NAME)";
				SWIFT_EMIT_LOC_STRINGS = YES;
				SWIFT_VERSION = 5.0;
				TARGETED_DEVICE_FAMILY = "1,2";
			};
			name = Debug;
		};
		4D60E39A29821AF400C8C95F /* Release */ = {
			isa = XCBuildConfiguration;
			buildSettings = {
				ASSETCATALOG_COMPILER_APPICON_NAME = AppIcon;
				ASSETCATALOG_COMPILER_GLOBAL_ACCENT_COLOR_NAME = AccentColor;
				CODE_SIGN_STYLE = Automatic;
				CURRENT_PROJECT_VERSION = 1;
				DEVELOPMENT_ASSET_PATHS = "\"ModuleONE/Preview Content\"";
				ENABLE_PREVIEWS = YES;
				GENERATE_INFOPLIST_FILE = YES;
				INFOPLIST_KEY_UIApplicationSceneManifest_Generation = YES;
				INFOPLIST_KEY_UIApplicationSupportsIndirectInputEvents = YES;
				INFOPLIST_KEY_UILaunchScreen_Generation = YES;
				INFOPLIST_KEY_UISupportedInterfaceOrientations_iPad = "UIInterfaceOrientationPortrait UIInterfaceOrientationPortraitUpsideDown UIInterfaceOrientationLandscapeLeft UIInterfaceOrientationLandscapeRight";
				INFOPLIST_KEY_UISupportedInterfaceOrientations_iPhone = "UIInterfaceOrientationPortrait UIInterfaceOrientationLandscapeLeft UIInterfaceOrientationLandscapeRight";
				LD_RUNPATH_SEARCH_PATHS = (
					"$(inherited)",
					"@executable_path/Frameworks",
				);
				MARKETING_VERSION = 1.0;
				PRODUCT_BUNDLE_IDENTIFIER = israman.ModuleONE;
				PRODUCT_NAME = "$(TARGET_NAME)";
				SWIFT_EMIT_LOC_STRINGS = YES;
				SWIFT_VERSION = 5.0;
				TARGETED_DEVICE_FAMILY = "1,2";
			};
			name = Release;
		};
		4D60E39C29821AF400C8C95F /* Debug */ = {
			isa = XCBuildConfiguration;
			buildSettings = {
				ALWAYS_EMBED_SWIFT_STANDARD_LIBRARIES = YES;
				BUNDLE_LOADER = "$(TEST_HOST)";
				CODE_SIGN_STYLE = Automatic;
				CURRENT_PROJECT_VERSION = 1;
				GENERATE_INFOPLIST_FILE = YES;
				IPHONEOS_DEPLOYMENT_TARGET = 16.2;
				MARKETING_VERSION = 1.0;
				PRODUCT_BUNDLE_IDENTIFIER = israman.ModuleONETests;
				PRODUCT_NAME = "$(TARGET_NAME)";
				SWIFT_EMIT_LOC_STRINGS = NO;
				SWIFT_VERSION = 5.0;
				TARGETED_DEVICE_FAMILY = "1,2";
				TEST_HOST = "$(BUILT_PRODUCTS_DIR)/ModuleONE.app/$(BUNDLE_EXECUTABLE_FOLDER_PATH)/ModuleONE";
			};
			name = Debug;
		};
		4D60E39D29821AF400C8C95F /* Release */ = {
			isa = XCBuildConfiguration;
			buildSettings = {
				ALWAYS_EMBED_SWIFT_STANDARD_LIBRARIES = YES;
				BUNDLE_LOADER = "$(TEST_HOST)";
				CODE_SIGN_STYLE = Automatic;
				CURRENT_PROJECT_VERSION = 1;
				GENERATE_INFOPLIST_FILE = YES;
				IPHONEOS_DEPLOYMENT_TARGET = 16.2;
				MARKETING_VERSION = 1.0;
				PRODUCT_BUNDLE_IDENTIFIER = israman.ModuleONETests;
				PRODUCT_NAME = "$(TARGET_NAME)";
				SWIFT_EMIT_LOC_STRINGS = NO;
				SWIFT_VERSION = 5.0;
				TARGETED_DEVICE_FAMILY = "1,2";
				TEST_HOST = "$(BUILT_PRODUCTS_DIR)/ModuleONE.app/$(BUNDLE_EXECUTABLE_FOLDER_PATH)/ModuleONE";
			};
			name = Release;
		};
		4D60E39F29821AF400C8C95F /* Debug */ = {
			isa = XCBuildConfiguration;
			buildSettings = {
				ALWAYS_EMBED_SWIFT_STANDARD_LIBRARIES = YES;
				CODE_SIGN_STYLE = Automatic;
				CURRENT_PROJECT_VERSION = 1;
				GENERATE_INFOPLIST_FILE = YES;
				MARKETING_VERSION = 1.0;
				PRODUCT_BUNDLE_IDENTIFIER = israman.ModuleONEUITests;
				PRODUCT_NAME = "$(TARGET_NAME)";
				SWIFT_EMIT_LOC_STRINGS = NO;
				SWIFT_VERSION = 5.0;
				TARGETED_DEVICE_FAMILY = "1,2";
				TEST_TARGET_NAME = ModuleONE;
			};
			name = Debug;
		};
		4D60E3A029821AF400C8C95F /* Release */ = {
			isa = XCBuildConfiguration;
			buildSettings = {
				ALWAYS_EMBED_SWIFT_STANDARD_LIBRARIES = YES;
				CODE_SIGN_STYLE = Automatic;
				CURRENT_PROJECT_VERSION = 1;
				GENERATE_INFOPLIST_FILE = YES;
				MARKETING_VERSION = 1.0;
				PRODUCT_BUNDLE_IDENTIFIER = israman.ModuleONEUITests;
				PRODUCT_NAME = "$(TARGET_NAME)";
				SWIFT_EMIT_LOC_STRINGS = NO;
				SWIFT_VERSION = 5.0;
				TARGETED_DEVICE_FAMILY = "1,2";
				TEST_TARGET_NAME = ModuleONE;
			};
			name = Release;
		};
/* End XCBuildConfiguration section */

/* Begin XCConfigurationList section */
		4D60E36F29821AF400C8C95F /* Build configuration list for PBXProject "ModuleONE" */ = {
			isa = XCConfigurationList;
			buildConfigurations = (
				4D60E39629821AF400C8C95F /* Debug */,
				4D60E39729821AF400C8C95F /* Release */,
			);
			defaultConfigurationIsVisible = 0;
			defaultConfigurationName = Release;
		};
		4D60E39829821AF400C8C95F /* Build configuration list for PBXNativeTarget "ModuleONE" */ = {
			isa = XCConfigurationList;
			buildConfigurations = (
				4D60E39929821AF400C8C95F /* Debug */,
				4D60E39A29821AF400C8C95F /* Release */,
			);
			defaultConfigurationIsVisible = 0;
			defaultConfigurationName = Release;
		};
		4D60E39B29821AF400C8C95F /* Build configuration list for PBXNativeTarget "ModuleONETests" */ = {
			isa = XCConfigurationList;
			buildConfigurations = (
				4D60E39C29821AF400C8C95F /* Debug */,
				4D60E39D29821AF400C8C95F /* Release */,
			);
			defaultConfigurationIsVisible = 0;
			defaultConfigurationName = Release;
		};
		4D60E39E29821AF400C8C95F /* Build configuration list for PBXNativeTarget "ModuleONEUITests" */ = {
			isa = XCConfigurationList;
			buildConfigurations = (
				4D60E39F29821AF400C8C95F /* Debug */,
				4D60E3A029821AF400C8C95F /* Release */,
			);
			defaultConfigurationIsVisible = 0;
			defaultConfigurationName = Release;
		};
/* End XCConfigurationList section */
	};
	rootObject = 4D60E36C29821AF400C8C95F /* Project object */;
}
