// !$*UTF8*$!
{
	archiveVersion = 1;
	classes = {
	};
	objectVersion = 56;
	objects = {

/* Begin PBXBuildFile section */
		4D5EBB01296FA7A5001F1D37 /* Networking_with_asyncApp.swift in Sources */ = {isa = PBXBuildFile; fileRef = 4D5EBB00296FA7A5001F1D37 /* Networking_with_asyncApp.swift */; };
		4D5EBB03296FA7A5001F1D37 /* ContentView.swift in Sources */ = {isa = PBXBuildFile; fileRef = 4D5EBB02296FA7A5001F1D37 /* ContentView.swift */; };
		4D5EBB05296FA7A5001F1D37 /* Assets.xcassets in Resources */ = {isa = PBXBuildFile; fileRef = 4D5EBB04296FA7A5001F1D37 /* Assets.xcassets */; };
		4D5EBB08296FA7A5001F1D37 /* Preview Assets.xcassets in Resources */ = {isa = PBXBuildFile; fileRef = 4D5EBB07296FA7A5001F1D37 /* Preview Assets.xcassets */; };
		4D5EBB12296FA7A5001F1D37 /* Networking_with_asyncTests.swift in Sources */ = {isa = PBXBuildFile; fileRef = 4D5EBB11296FA7A5001F1D37 /* Networking_with_asyncTests.swift */; };
		4D5EBB1C296FA7A5001F1D37 /* Networking_with_asyncUITests.swift in Sources */ = {isa = PBXBuildFile; fileRef = 4D5EBB1B296FA7A5001F1D37 /* Networking_with_asyncUITests.swift */; };
		4D5EBB1E296FA7A5001F1D37 /* Networking_with_asyncUITestsLaunchTests.swift in Sources */ = {isa = PBXBuildFile; fileRef = 4D5EBB1D296FA7A5001F1D37 /* Networking_with_asyncUITestsLaunchTests.swift */; };
/* End PBXBuildFile section */

/* Begin PBXContainerItemProxy section */
		4D5EBB0E296FA7A5001F1D37 /* PBXContainerItemProxy */ = {
			isa = PBXContainerItemProxy;
			containerPortal = 4D5EBAF5296FA7A5001F1D37 /* Project object */;
			proxyType = 1;
			remoteGlobalIDString = 4D5EBAFC296FA7A5001F1D37;
			remoteInfo = "Networking with async";
		};
		4D5EBB18296FA7A5001F1D37 /* PBXContainerItemProxy */ = {
			isa = PBXContainerItemProxy;
			containerPortal = 4D5EBAF5296FA7A5001F1D37 /* Project object */;
			proxyType = 1;
			remoteGlobalIDString = 4D5EBAFC296FA7A5001F1D37;
			remoteInfo = "Networking with async";
		};
/* End PBXContainerItemProxy section */

/* Begin PBXFileReference section */
		4D5EBAFD296FA7A5001F1D37 /* Networking with async.app */ = {isa = PBXFileReference; explicitFileType = wrapper.application; includeInIndex = 0; path = "Networking with async.app"; sourceTree = BUILT_PRODUCTS_DIR; };
		4D5EBB00296FA7A5001F1D37 /* Networking_with_asyncApp.swift */ = {isa = PBXFileReference; lastKnownFileType = sourcecode.swift; path = Networking_with_asyncApp.swift; sourceTree = "<group>"; };
		4D5EBB02296FA7A5001F1D37 /* ContentView.swift */ = {isa = PBXFileReference; lastKnownFileType = sourcecode.swift; path = ContentView.swift; sourceTree = "<group>"; };
		4D5EBB04296FA7A5001F1D37 /* Assets.xcassets */ = {isa = PBXFileReference; lastKnownFileType = folder.assetcatalog; path = Assets.xcassets; sourceTree = "<group>"; };
		4D5EBB07296FA7A5001F1D37 /* Preview Assets.xcassets */ = {isa = PBXFileReference; lastKnownFileType = folder.assetcatalog; path = "Preview Assets.xcassets"; sourceTree = "<group>"; };
		4D5EBB0D296FA7A5001F1D37 /* Networking with asyncTests.xctest */ = {isa = PBXFileReference; explicitFileType = wrapper.cfbundle; includeInIndex = 0; path = "Networking with asyncTests.xctest"; sourceTree = BUILT_PRODUCTS_DIR; };
		4D5EBB11296FA7A5001F1D37 /* Networking_with_asyncTests.swift */ = {isa = PBXFileReference; lastKnownFileType = sourcecode.swift; path = Networking_with_asyncTests.swift; sourceTree = "<group>"; };
		4D5EBB17296FA7A5001F1D37 /* Networking with asyncUITests.xctest */ = {isa = PBXFileReference; explicitFileType = wrapper.cfbundle; includeInIndex = 0; path = "Networking with asyncUITests.xctest"; sourceTree = BUILT_PRODUCTS_DIR; };
		4D5EBB1B296FA7A5001F1D37 /* Networking_with_asyncUITests.swift */ = {isa = PBXFileReference; lastKnownFileType = sourcecode.swift; path = Networking_with_asyncUITests.swift; sourceTree = "<group>"; };
		4D5EBB1D296FA7A5001F1D37 /* Networking_with_asyncUITestsLaunchTests.swift */ = {isa = PBXFileReference; lastKnownFileType = sourcecode.swift; path = Networking_with_asyncUITestsLaunchTests.swift; sourceTree = "<group>"; };
/* End PBXFileReference section */

/* Begin PBXFrameworksBuildPhase section */
		4D5EBAFA296FA7A5001F1D37 /* Frameworks */ = {
			isa = PBXFrameworksBuildPhase;
			buildActionMask = 2147483647;
			files = (
			);
			runOnlyForDeploymentPostprocessing = 0;
		};
		4D5EBB0A296FA7A5001F1D37 /* Frameworks */ = {
			isa = PBXFrameworksBuildPhase;
			buildActionMask = 2147483647;
			files = (
			);
			runOnlyForDeploymentPostprocessing = 0;
		};
		4D5EBB14296FA7A5001F1D37 /* Frameworks */ = {
			isa = PBXFrameworksBuildPhase;
			buildActionMask = 2147483647;
			files = (
			);
			runOnlyForDeploymentPostprocessing = 0;
		};
/* End PBXFrameworksBuildPhase section */

/* Begin PBXGroup section */
		4D5EBAF4296FA7A5001F1D37 = {
			isa = PBXGroup;
			children = (
				4D5EBAFF296FA7A5001F1D37 /* Networking with async */,
				4D5EBB10296FA7A5001F1D37 /* Networking with asyncTests */,
				4D5EBB1A296FA7A5001F1D37 /* Networking with asyncUITests */,
				4D5EBAFE296FA7A5001F1D37 /* Products */,
			);
			sourceTree = "<group>";
		};
		4D5EBAFE296FA7A5001F1D37 /* Products */ = {
			isa = PBXGroup;
			children = (
				4D5EBAFD296FA7A5001F1D37 /* Networking with async.app */,
				4D5EBB0D296FA7A5001F1D37 /* Networking with asyncTests.xctest */,
				4D5EBB17296FA7A5001F1D37 /* Networking with asyncUITests.xctest */,
			);
			name = Products;
			sourceTree = "<group>";
		};
		4D5EBAFF296FA7A5001F1D37 /* Networking with async */ = {
			isa = PBXGroup;
			children = (
				4D5EBB00296FA7A5001F1D37 /* Networking_with_asyncApp.swift */,
				4D5EBB02296FA7A5001F1D37 /* ContentView.swift */,
				4D5EBB04296FA7A5001F1D37 /* Assets.xcassets */,
				4D5EBB06296FA7A5001F1D37 /* Preview Content */,
			);
			path = "Networking with async";
			sourceTree = "<group>";
		};
		4D5EBB06296FA7A5001F1D37 /* Preview Content */ = {
			isa = PBXGroup;
			children = (
				4D5EBB07296FA7A5001F1D37 /* Preview Assets.xcassets */,
			);
			path = "Preview Content";
			sourceTree = "<group>";
		};
		4D5EBB10296FA7A5001F1D37 /* Networking with asyncTests */ = {
			isa = PBXGroup;
			children = (
				4D5EBB11296FA7A5001F1D37 /* Networking_with_asyncTests.swift */,
			);
			path = "Networking with asyncTests";
			sourceTree = "<group>";
		};
		4D5EBB1A296FA7A5001F1D37 /* Networking with asyncUITests */ = {
			isa = PBXGroup;
			children = (
				4D5EBB1B296FA7A5001F1D37 /* Networking_with_asyncUITests.swift */,
				4D5EBB1D296FA7A5001F1D37 /* Networking_with_asyncUITestsLaunchTests.swift */,
			);
			path = "Networking with asyncUITests";
			sourceTree = "<group>";
		};
/* End PBXGroup section */

/* Begin PBXNativeTarget section */
		4D5EBAFC296FA7A5001F1D37 /* Networking with async */ = {
			isa = PBXNativeTarget;
			buildConfigurationList = 4D5EBB21296FA7A5001F1D37 /* Build configuration list for PBXNativeTarget "Networking with async" */;
			buildPhases = (
				4D5EBAF9296FA7A5001F1D37 /* Sources */,
				4D5EBAFA296FA7A5001F1D37 /* Frameworks */,
				4D5EBAFB296FA7A5001F1D37 /* Resources */,
			);
			buildRules = (
			);
			dependencies = (
			);
			name = "Networking with async";
			productName = "Networking with async";
			productReference = 4D5EBAFD296FA7A5001F1D37 /* Networking with async.app */;
			productType = "com.apple.product-type.application";
		};
		4D5EBB0C296FA7A5001F1D37 /* Networking with asyncTests */ = {
			isa = PBXNativeTarget;
			buildConfigurationList = 4D5EBB24296FA7A5001F1D37 /* Build configuration list for PBXNativeTarget "Networking with asyncTests" */;
			buildPhases = (
				4D5EBB09296FA7A5001F1D37 /* Sources */,
				4D5EBB0A296FA7A5001F1D37 /* Frameworks */,
				4D5EBB0B296FA7A5001F1D37 /* Resources */,
			);
			buildRules = (
			);
			dependencies = (
				4D5EBB0F296FA7A5001F1D37 /* PBXTargetDependency */,
			);
			name = "Networking with asyncTests";
			productName = "Networking with asyncTests";
			productReference = 4D5EBB0D296FA7A5001F1D37 /* Networking with asyncTests.xctest */;
			productType = "com.apple.product-type.bundle.unit-test";
		};
		4D5EBB16296FA7A5001F1D37 /* Networking with asyncUITests */ = {
			isa = PBXNativeTarget;
			buildConfigurationList = 4D5EBB27296FA7A5001F1D37 /* Build configuration list for PBXNativeTarget "Networking with asyncUITests" */;
			buildPhases = (
				4D5EBB13296FA7A5001F1D37 /* Sources */,
				4D5EBB14296FA7A5001F1D37 /* Frameworks */,
				4D5EBB15296FA7A5001F1D37 /* Resources */,
			);
			buildRules = (
			);
			dependencies = (
				4D5EBB19296FA7A5001F1D37 /* PBXTargetDependency */,
			);
			name = "Networking with asyncUITests";
			productName = "Networking with asyncUITests";
			productReference = 4D5EBB17296FA7A5001F1D37 /* Networking with asyncUITests.xctest */;
			productType = "com.apple.product-type.bundle.ui-testing";
		};
/* End PBXNativeTarget section */

/* Begin PBXProject section */
		4D5EBAF5296FA7A5001F1D37 /* Project object */ = {
			isa = PBXProject;
			attributes = {
				BuildIndependentTargetsInParallel = 1;
				LastSwiftUpdateCheck = 1420;
				LastUpgradeCheck = 1420;
				TargetAttributes = {
					4D5EBAFC296FA7A5001F1D37 = {
						CreatedOnToolsVersion = 14.2;
					};
					4D5EBB0C296FA7A5001F1D37 = {
						CreatedOnToolsVersion = 14.2;
						TestTargetID = 4D5EBAFC296FA7A5001F1D37;
					};
					4D5EBB16296FA7A5001F1D37 = {
						CreatedOnToolsVersion = 14.2;
						TestTargetID = 4D5EBAFC296FA7A5001F1D37;
					};
				};
			};
			buildConfigurationList = 4D5EBAF8296FA7A5001F1D37 /* Build configuration list for PBXProject "Networking with async" */;
			compatibilityVersion = "Xcode 14.0";
			developmentRegion = en;
			hasScannedForEncodings = 0;
			knownRegions = (
				en,
				Base,
			);
			mainGroup = 4D5EBAF4296FA7A5001F1D37;
			productRefGroup = 4D5EBAFE296FA7A5001F1D37 /* Products */;
			projectDirPath = "";
			projectRoot = "";
			targets = (
				4D5EBAFC296FA7A5001F1D37 /* Networking with async */,
				4D5EBB0C296FA7A5001F1D37 /* Networking with asyncTests */,
				4D5EBB16296FA7A5001F1D37 /* Networking with asyncUITests */,
			);
		};
/* End PBXProject section */

/* Begin PBXResourcesBuildPhase section */
		4D5EBAFB296FA7A5001F1D37 /* Resources */ = {
			isa = PBXResourcesBuildPhase;
			buildActionMask = 2147483647;
			files = (
				4D5EBB08296FA7A5001F1D37 /* Preview Assets.xcassets in Resources */,
				4D5EBB05296FA7A5001F1D37 /* Assets.xcassets in Resources */,
			);
			runOnlyForDeploymentPostprocessing = 0;
		};
		4D5EBB0B296FA7A5001F1D37 /* Resources */ = {
			isa = PBXResourcesBuildPhase;
			buildActionMask = 2147483647;
			files = (
			);
			runOnlyForDeploymentPostprocessing = 0;
		};
		4D5EBB15296FA7A5001F1D37 /* Resources */ = {
			isa = PBXResourcesBuildPhase;
			buildActionMask = 2147483647;
			files = (
			);
			runOnlyForDeploymentPostprocessing = 0;
		};
/* End PBXResourcesBuildPhase section */

/* Begin PBXSourcesBuildPhase section */
		4D5EBAF9296FA7A5001F1D37 /* Sources */ = {
			isa = PBXSourcesBuildPhase;
			buildActionMask = 2147483647;
			files = (
				4D5EBB03296FA7A5001F1D37 /* ContentView.swift in Sources */,
				4D5EBB01296FA7A5001F1D37 /* Networking_with_asyncApp.swift in Sources */,
			);
			runOnlyForDeploymentPostprocessing = 0;
		};
		4D5EBB09296FA7A5001F1D37 /* Sources */ = {
			isa = PBXSourcesBuildPhase;
			buildActionMask = 2147483647;
			files = (
				4D5EBB12296FA7A5001F1D37 /* Networking_with_asyncTests.swift in Sources */,
			);
			runOnlyForDeploymentPostprocessing = 0;
		};
		4D5EBB13296FA7A5001F1D37 /* Sources */ = {
			isa = PBXSourcesBuildPhase;
			buildActionMask = 2147483647;
			files = (
				4D5EBB1C296FA7A5001F1D37 /* Networking_with_asyncUITests.swift in Sources */,
				4D5EBB1E296FA7A5001F1D37 /* Networking_with_asyncUITestsLaunchTests.swift in Sources */,
			);
			runOnlyForDeploymentPostprocessing = 0;
		};
/* End PBXSourcesBuildPhase section */

/* Begin PBXTargetDependency section */
		4D5EBB0F296FA7A5001F1D37 /* PBXTargetDependency */ = {
			isa = PBXTargetDependency;
			target = 4D5EBAFC296FA7A5001F1D37 /* Networking with async */;
			targetProxy = 4D5EBB0E296FA7A5001F1D37 /* PBXContainerItemProxy */;
		};
		4D5EBB19296FA7A5001F1D37 /* PBXTargetDependency */ = {
			isa = PBXTargetDependency;
			target = 4D5EBAFC296FA7A5001F1D37 /* Networking with async */;
			targetProxy = 4D5EBB18296FA7A5001F1D37 /* PBXContainerItemProxy */;
		};
/* End PBXTargetDependency section */

/* Begin XCBuildConfiguration section */
		4D5EBB1F296FA7A5001F1D37 /* Debug */ = {
			isa = XCBuildConfiguration;
			buildSettings = {
				ALWAYS_SEARCH_USER_PATHS = NO;
				CLANG_ANALYZER_NONNULL = YES;
				CLANG_ANALYZER_NUMBER_OBJECT_CONVERSION = YES_AGGRESSIVE;
				CLANG_CXX_LANGUAGE_STANDARD = "gnu++20";
				CLANG_ENABLE_MODULES = YES;
				CLANG_ENABLE_OBJC_ARC = YES;
				CLANG_ENABLE_OBJC_WEAK = YES;
				CLANG_WARN_BLOCK_CAPTURE_AUTORELEASING = YES;
				CLANG_WARN_BOOL_CONVERSION = YES;
				CLANG_WARN_COMMA = YES;
				CLANG_WARN_CONSTANT_CONVERSION = YES;
				CLANG_WARN_DEPRECATED_OBJC_IMPLEMENTATIONS = YES;
				CLANG_WARN_DIRECT_OBJC_ISA_USAGE = YES_ERROR;
				CLANG_WARN_DOCUMENTATION_COMMENTS = YES;
				CLANG_WARN_EMPTY_BODY = YES;
				CLANG_WARN_ENUM_CONVERSION = YES;
				CLANG_WARN_INFINITE_RECURSION = YES;
				CLANG_WARN_INT_CONVERSION = YES;
				CLANG_WARN_NON_LITERAL_NULL_CONVERSION = YES;
				CLANG_WARN_OBJC_IMPLICIT_RETAIN_SELF = YES;
				CLANG_WARN_OBJC_LITERAL_CONVERSION = YES;
				CLANG_WARN_OBJC_ROOT_CLASS = YES_ERROR;
				CLANG_WARN_QUOTED_INCLUDE_IN_FRAMEWORK_HEADER = YES;
				CLANG_WARN_RANGE_LOOP_ANALYSIS = YES;
				CLANG_WARN_STRICT_PROTOTYPES = YES;
				CLANG_WARN_SUSPICIOUS_MOVE = YES;
				CLANG_WARN_UNGUARDED_AVAILABILITY = YES_AGGRESSIVE;
				CLANG_WARN_UNREACHABLE_CODE = YES;
				CLANG_WARN__DUPLICATE_METHOD_MATCH = YES;
				COPY_PHASE_STRIP = NO;
				DEBUG_INFORMATION_FORMAT = dwarf;
				ENABLE_STRICT_OBJC_MSGSEND = YES;
				ENABLE_TESTABILITY = YES;
				GCC_C_LANGUAGE_STANDARD = gnu11;
				GCC_DYNAMIC_NO_PIC = NO;
				GCC_NO_COMMON_BLOCKS = YES;
				GCC_OPTIMIZATION_LEVEL = 0;
				GCC_PREPROCESSOR_DEFINITIONS = (
					"DEBUG=1",
					"$(inherited)",
				);
				GCC_WARN_64_TO_32_BIT_CONVERSION = YES;
				GCC_WARN_ABOUT_RETURN_TYPE = YES_ERROR;
				GCC_WARN_UNDECLARED_SELECTOR = YES;
				GCC_WARN_UNINITIALIZED_AUTOS = YES_AGGRESSIVE;
				GCC_WARN_UNUSED_FUNCTION = YES;
				GCC_WARN_UNUSED_VARIABLE = YES;
				IPHONEOS_DEPLOYMENT_TARGET = 16.2;
				MTL_ENABLE_DEBUG_INFO = INCLUDE_SOURCE;
				MTL_FAST_MATH = YES;
				ONLY_ACTIVE_ARCH = YES;
				SDKROOT = iphoneos;
				SWIFT_ACTIVE_COMPILATION_CONDITIONS = DEBUG;
				SWIFT_OPTIMIZATION_LEVEL = "-Onone";
			};
			name = Debug;
		};
		4D5EBB20296FA7A5001F1D37 /* Release */ = {
			isa = XCBuildConfiguration;
			buildSettings = {
				ALWAYS_SEARCH_USER_PATHS = NO;
				CLANG_ANALYZER_NONNULL = YES;
				CLANG_ANALYZER_NUMBER_OBJECT_CONVERSION = YES_AGGRESSIVE;
				CLANG_CXX_LANGUAGE_STANDARD = "gnu++20";
				CLANG_ENABLE_MODULES = YES;
				CLANG_ENABLE_OBJC_ARC = YES;
				CLANG_ENABLE_OBJC_WEAK = YES;
				CLANG_WARN_BLOCK_CAPTURE_AUTORELEASING = YES;
				CLANG_WARN_BOOL_CONVERSION = YES;
				CLANG_WARN_COMMA = YES;
				CLANG_WARN_CONSTANT_CONVERSION = YES;
				CLANG_WARN_DEPRECATED_OBJC_IMPLEMENTATIONS = YES;
				CLANG_WARN_DIRECT_OBJC_ISA_USAGE = YES_ERROR;
				CLANG_WARN_DOCUMENTATION_COMMENTS = YES;
				CLANG_WARN_EMPTY_BODY = YES;
				CLANG_WARN_ENUM_CONVERSION = YES;
				CLANG_WARN_INFINITE_RECURSION = YES;
				CLANG_WARN_INT_CONVERSION = YES;
				CLANG_WARN_NON_LITERAL_NULL_CONVERSION = YES;
				CLANG_WARN_OBJC_IMPLICIT_RETAIN_SELF = YES;
				CLANG_WARN_OBJC_LITERAL_CONVERSION = YES;
				CLANG_WARN_OBJC_ROOT_CLASS = YES_ERROR;
				CLANG_WARN_QUOTED_INCLUDE_IN_FRAMEWORK_HEADER = YES;
				CLANG_WARN_RANGE_LOOP_ANALYSIS = YES;
				CLANG_WARN_STRICT_PROTOTYPES = YES;
				CLANG_WARN_SUSPICIOUS_MOVE = YES;
				CLANG_WARN_UNGUARDED_AVAILABILITY = YES_AGGRESSIVE;
				CLANG_WARN_UNREACHABLE_CODE = YES;
				CLANG_WARN__DUPLICATE_METHOD_MATCH = YES;
				COPY_PHASE_STRIP = NO;
				DEBUG_INFORMATION_FORMAT = "dwarf-with-dsym";
				ENABLE_NS_ASSERTIONS = NO;
				ENABLE_STRICT_OBJC_MSGSEND = YES;
				GCC_C_LANGUAGE_STANDARD = gnu11;
				GCC_NO_COMMON_BLOCKS = YES;
				GCC_WARN_64_TO_32_BIT_CONVERSION = YES;
				GCC_WARN_ABOUT_RETURN_TYPE = YES_ERROR;
				GCC_WARN_UNDECLARED_SELECTOR = YES;
				GCC_WARN_UNINITIALIZED_AUTOS = YES_AGGRESSIVE;
				GCC_WARN_UNUSED_FUNCTION = YES;
				GCC_WARN_UNUSED_VARIABLE = YES;
				IPHONEOS_DEPLOYMENT_TARGET = 16.2;
				MTL_ENABLE_DEBUG_INFO = NO;
				MTL_FAST_MATH = YES;
				SDKROOT = iphoneos;
				SWIFT_COMPILATION_MODE = wholemodule;
				SWIFT_OPTIMIZATION_LEVEL = "-O";
				VALIDATE_PRODUCT = YES;
			};
			name = Release;
		};
		4D5EBB22296FA7A5001F1D37 /* Debug */ = {
			isa = XCBuildConfiguration;
			buildSettings = {
				ASSETCATALOG_COMPILER_APPICON_NAME = AppIcon;
				ASSETCATALOG_COMPILER_GLOBAL_ACCENT_COLOR_NAME = AccentColor;
				CODE_SIGN_STYLE = Automatic;
				CURRENT_PROJECT_VERSION = 1;
				DEVELOPMENT_ASSET_PATHS = "\"Networking with async/Preview Content\"";
				ENABLE_PREVIEWS = YES;
				GENERATE_INFOPLIST_FILE = YES;
				INFOPLIST_KEY_UIApplicationSceneManifest_Generation = YES;
				INFOPLIST_KEY_UIApplicationSupportsIndirectInputEvents = YES;
				INFOPLIST_KEY_UILaunchScreen_Generation = YES;
				INFOPLIST_KEY_UISupportedInterfaceOrientations_iPad = "UIInterfaceOrientationPortrait UIInterfaceOrientationPortraitUpsideDown UIInterfaceOrientationLandscapeLeft UIInterfaceOrientationLandscapeRight";
				INFOPLIST_KEY_UISupportedInterfaceOrientations_iPhone = "UIInterfaceOrientationPortrait UIInterfaceOrientationLandscapeLeft UIInterfaceOrientationLandscapeRight";
				LD_RUNPATH_SEARCH_PATHS = (
					"$(inherited)",
					"@executable_path/Frameworks",
				);
				MARKETING_VERSION = 1.0;
				PRODUCT_BUNDLE_IDENTIFIER = "israman.Networking-with-async";
				PRODUCT_NAME = "$(TARGET_NAME)";
				SWIFT_EMIT_LOC_STRINGS = YES;
				SWIFT_VERSION = 5.0;
				TARGETED_DEVICE_FAMILY = "1,2";
			};
			name = Debug;
		};
		4D5EBB23296FA7A5001F1D37 /* Release */ = {
			isa = XCBuildConfiguration;
			buildSettings = {
				ASSETCATALOG_COMPILER_APPICON_NAME = AppIcon;
				ASSETCATALOG_COMPILER_GLOBAL_ACCENT_COLOR_NAME = AccentColor;
				CODE_SIGN_STYLE = Automatic;
				CURRENT_PROJECT_VERSION = 1;
				DEVELOPMENT_ASSET_PATHS = "\"Networking with async/Preview Content\"";
				ENABLE_PREVIEWS = YES;
				GENERATE_INFOPLIST_FILE = YES;
				INFOPLIST_KEY_UIApplicationSceneManifest_Generation = YES;
				INFOPLIST_KEY_UIApplicationSupportsIndirectInputEvents = YES;
				INFOPLIST_KEY_UILaunchScreen_Generation = YES;
				INFOPLIST_KEY_UISupportedInterfaceOrientations_iPad = "UIInterfaceOrientationPortrait UIInterfaceOrientationPortraitUpsideDown UIInterfaceOrientationLandscapeLeft UIInterfaceOrientationLandscapeRight";
				INFOPLIST_KEY_UISupportedInterfaceOrientations_iPhone = "UIInterfaceOrientationPortrait UIInterfaceOrientationLandscapeLeft UIInterfaceOrientationLandscapeRight";
				LD_RUNPATH_SEARCH_PATHS = (
					"$(inherited)",
					"@executable_path/Frameworks",
				);
				MARKETING_VERSION = 1.0;
				PRODUCT_BUNDLE_IDENTIFIER = "israman.Networking-with-async";
				PRODUCT_NAME = "$(TARGET_NAME)";
				SWIFT_EMIT_LOC_STRINGS = YES;
				SWIFT_VERSION = 5.0;
				TARGETED_DEVICE_FAMILY = "1,2";
			};
			name = Release;
		};
		4D5EBB25296FA7A5001F1D37 /* Debug */ = {
			isa = XCBuildConfiguration;
			buildSettings = {
				ALWAYS_EMBED_SWIFT_STANDARD_LIBRARIES = YES;
				BUNDLE_LOADER = "$(TEST_HOST)";
				CODE_SIGN_STYLE = Automatic;
				CURRENT_PROJECT_VERSION = 1;
				GENERATE_INFOPLIST_FILE = YES;
				IPHONEOS_DEPLOYMENT_TARGET = 16.2;
				MARKETING_VERSION = 1.0;
				PRODUCT_BUNDLE_IDENTIFIER = "israman.Networking-with-asyncTests";
				PRODUCT_NAME = "$(TARGET_NAME)";
				SWIFT_EMIT_LOC_STRINGS = NO;
				SWIFT_VERSION = 5.0;
				TARGETED_DEVICE_FAMILY = "1,2";
				TEST_HOST = "$(BUILT_PRODUCTS_DIR)/Networking with async.app/$(BUNDLE_EXECUTABLE_FOLDER_PATH)/Networking with async";
			};
			name = Debug;
		};
		4D5EBB26296FA7A5001F1D37 /* Release */ = {
			isa = XCBuildConfiguration;
			buildSettings = {
				ALWAYS_EMBED_SWIFT_STANDARD_LIBRARIES = YES;
				BUNDLE_LOADER = "$(TEST_HOST)";
				CODE_SIGN_STYLE = Automatic;
				CURRENT_PROJECT_VERSION = 1;
				GENERATE_INFOPLIST_FILE = YES;
				IPHONEOS_DEPLOYMENT_TARGET = 16.2;
				MARKETING_VERSION = 1.0;
				PRODUCT_BUNDLE_IDENTIFIER = "israman.Networking-with-asyncTests";
				PRODUCT_NAME = "$(TARGET_NAME)";
				SWIFT_EMIT_LOC_STRINGS = NO;
				SWIFT_VERSION = 5.0;
				TARGETED_DEVICE_FAMILY = "1,2";
				TEST_HOST = "$(BUILT_PRODUCTS_DIR)/Networking with async.app/$(BUNDLE_EXECUTABLE_FOLDER_PATH)/Networking with async";
			};
			name = Release;
		};
		4D5EBB28296FA7A5001F1D37 /* Debug */ = {
			isa = XCBuildConfiguration;
			buildSettings = {
				ALWAYS_EMBED_SWIFT_STANDARD_LIBRARIES = YES;
				CODE_SIGN_STYLE = Automatic;
				CURRENT_PROJECT_VERSION = 1;
				GENERATE_INFOPLIST_FILE = YES;
				MARKETING_VERSION = 1.0;
				PRODUCT_BUNDLE_IDENTIFIER = "israman.Networking-with-asyncUITests";
				PRODUCT_NAME = "$(TARGET_NAME)";
				SWIFT_EMIT_LOC_STRINGS = NO;
				SWIFT_VERSION = 5.0;
				TARGETED_DEVICE_FAMILY = "1,2";
				TEST_TARGET_NAME = "Networking with async";
			};
			name = Debug;
		};
		4D5EBB29296FA7A5001F1D37 /* Release */ = {
			isa = XCBuildConfiguration;
			buildSettings = {
				ALWAYS_EMBED_SWIFT_STANDARD_LIBRARIES = YES;
				CODE_SIGN_STYLE = Automatic;
				CURRENT_PROJECT_VERSION = 1;
				GENERATE_INFOPLIST_FILE = YES;
				MARKETING_VERSION = 1.0;
				PRODUCT_BUNDLE_IDENTIFIER = "israman.Networking-with-asyncUITests";
				PRODUCT_NAME = "$(TARGET_NAME)";
				SWIFT_EMIT_LOC_STRINGS = NO;
				SWIFT_VERSION = 5.0;
				TARGETED_DEVICE_FAMILY = "1,2";
				TEST_TARGET_NAME = "Networking with async";
			};
			name = Release;
		};
/* End XCBuildConfiguration section */

/* Begin XCConfigurationList section */
		4D5EBAF8296FA7A5001F1D37 /* Build configuration list for PBXProject "Networking with async" */ = {
			isa = XCConfigurationList;
			buildConfigurations = (
				4D5EBB1F296FA7A5001F1D37 /* Debug */,
				4D5EBB20296FA7A5001F1D37 /* Release */,
			);
			defaultConfigurationIsVisible = 0;
			defaultConfigurationName = Release;
		};
		4D5EBB21296FA7A5001F1D37 /* Build configuration list for PBXNativeTarget "Networking with async" */ = {
			isa = XCConfigurationList;
			buildConfigurations = (
				4D5EBB22296FA7A5001F1D37 /* Debug */,
				4D5EBB23296FA7A5001F1D37 /* Release */,
			);
			defaultConfigurationIsVisible = 0;
			defaultConfigurationName = Release;
		};
		4D5EBB24296FA7A5001F1D37 /* Build configuration list for PBXNativeTarget "Networking with asyncTests" */ = {
			isa = XCConfigurationList;
			buildConfigurations = (
				4D5EBB25296FA7A5001F1D37 /* Debug */,
				4D5EBB26296FA7A5001F1D37 /* Release */,
			);
			defaultConfigurationIsVisible = 0;
			defaultConfigurationName = Release;
		};
		4D5EBB27296FA7A5001F1D37 /* Build configuration list for PBXNativeTarget "Networking with asyncUITests" */ = {
			isa = XCConfigurationList;
			buildConfigurations = (
				4D5EBB28296FA7A5001F1D37 /* Debug */,
				4D5EBB29296FA7A5001F1D37 /* Release */,
			);
			defaultConfigurationIsVisible = 0;
			defaultConfigurationName = Release;
		};
/* End XCConfigurationList section */
	};
	rootObject = 4D5EBAF5296FA7A5001F1D37 /* Project object */;
}
